<?xml version="1.0" encoding="utf-8"?>
<Project ToolsVersion="4.0" xmlns="http://schemas.microsoft.com/developer/msbuild/2003">
  <ItemGroup>
    <Filter Include="Source Files">
      <UniqueIdentifier>{4FC737F1-C7A5-4376-A066-2A32D752A2FF}</UniqueIdentifier>
      <Extensions>cpp;c;cc;cxx;def;odl;idl;hpj;bat;asm;asmx</Extensions>
    </Filter>
    <Filter Include="Header Files">
      <UniqueIdentifier>{93995380-89BD-4b04-88EB-625FBE52EBFB}</UniqueIdentifier>
      <Extensions>h;hh;hpp;hxx;hm;inl;inc;xsd</Extensions>
    </Filter>
    <Filter Include="Resource Files">
      <UniqueIdentifier>{67DA6AB6-F800-4c08-8B7A-83BB121AAD01}</UniqueIdentifier>
      <Extensions>rc;ico;cur;bmp;dlg;rc2;rct;bin;rgs;gif;jpg;jpeg;jpe;resx;tiff;tif;png;wav;mfcribbon-ms</Extensions>
    </Filter>
    <Filter Include="Header Files\abstractfactory">
      <UniqueIdentifier>{fe0f7a5f-d729-46e9-b34b-6ca239876517}</UniqueIdentifier>
    </Filter>
    <Filter Include="Header Files\bridgepattern">
      <UniqueIdentifier>{3be894aa-493f-4889-a6bf-8d1835e1e235}</UniqueIdentifier>
    </Filter>
    <Filter Include="Header Files\bridgepatternAPI">
      <UniqueIdentifier>{14ae28e4-2e81-4073-81d6-4a1789509b2a}</UniqueIdentifier>
    </Filter>
    <Filter Include="Header Files\proxyObject">
      <UniqueIdentifier>{f909bcd2-ccd8-4fc2-bc9e-ea5a92baf900}</UniqueIdentifier>
    </Filter>
    <Filter Include="Source Files\proxyObject">
      <UniqueIdentifier>{68826eed-37b3-4c1d-8060-00bdd496da8e}</UniqueIdentifier>
    </Filter>
  </ItemGroup>
  <ItemGroup>
    <Text Include="ReadMe.txt" />
  </ItemGroup>
  <ItemGroup>
    <ClInclude Include="stdafx.h">
      <Filter>Header Files</Filter>
    </ClInclude>
    <ClInclude Include="targetver.h">
      <Filter>Header Files</Filter>
    </ClInclude>
    <ClInclude Include="Boss.h">
      <Filter>Header Files\abstractfactory</Filter>
    </ClInclude>
    <ClInclude Include="Character.h">
      <Filter>Header Files\abstractfactory</Filter>
    </ClInclude>
    <ClInclude Include="Player.h">
      <Filter>Header Files\abstractfactory</Filter>
    </ClInclude>
    <ClInclude Include="Factory.h">
      <Filter>Header Files\abstractfactory</Filter>
    </ClInclude>
    <ClInclude Include="CharacterFactory.h">
      <Filter>Header Files\abstractfactory</Filter>
    </ClInclude>
    <ClInclude Include="Character2.h">
      <Filter>Header Files\bridgepattern</Filter>
    </ClInclude>
    <ClInclude Include="HandleToCharacter.h">
      <Filter>Header Files\bridgepattern</Filter>
    </ClInclude>
    <ClInclude Include="Character3.h">
      <Filter>Header Files\bridgepatternAPI</Filter>
    </ClInclude>
    <ClInclude Include="DrawImpl.h">
      <Filter>Header Files\bridgepatternAPI</Filter>
    </ClInclude>
    <ClInclude Include="DrawAPI.h">
      <Filter>Header Files\bridgepatternAPI</Filter>
    </ClInclude>
    <ClInclude Include="Player3.h">
      <Filter>Header Files\bridgepatternAPI</Filter>
    </ClInclude>
    <ClInclude Include="IGraphic.h">
      <Filter>Header Files\proxyObject</Filter>
    </ClInclude>
    <ClInclude Include="Graphic.h">
      <Filter>Header Files\proxyObject</Filter>
    </ClInclude>
    <ClInclude Include="GraphicProxy.h">
      <Filter>Header Files\proxyObject</Filter>
    </ClInclude>
  </ItemGroup>
  <ItemGroup>
    <ClCompile Include="stdafx.cpp">
      <Filter>Source Files</Filter>
    </ClCompile>
    <ClCompile Include="Patterns.cpp">
      <Filter>Source Files</Filter>
    </ClCompile>
    <ClCompile Include="GraphicProxy.cpp">
      <Filter>Source Files\proxyObject</Filter>
    </ClCompile>
    <ClCompile Include="Graphic.cpp">
      <Filter>Source Files\proxyObject</Filter>
    </ClCompile>
  </ItemGroup>
</Project>